
Microsoft Visual Studio Solution File, Format Version 12.00
# Visual Studio Version 17
VisualStudioVersion = 17.6.33801.468
MinimumVisualStudioVersion = 10.0.40219.1
Project("{FAE04EC0-301F-11D3-BF4B-00C04F79EFBC}") = "FastKart", "FastKart.csproj", "{D6364B2E-0C76-4622-9019-4D50CC1CEE8D}"
EndProject
Global
	GlobalSection(SolutionConfigurationPlatforms) = preSolution
		Debug|Any CPU = Debug|Any CPU
		Release|Any CPU = Release|Any CPU
	EndGlobalSection
	GlobalSection(ProjectConfigurationPlatforms) = postSolution
		{D6364B2E-0C76-4622-9019-4D50CC1CEE8D}.Debug|Any CPU.ActiveCfg = Debug|Any CPU
		{D6364B2E-0C76-4622-9019-4D50CC1CEE8D}.Debug|Any CPU.Build.0 = Debug|Any CPU
		{D6364B2E-0C76-4622-9019-4D50CC1CEE8D}.Release|Any CPU.ActiveCfg = Release|Any CPU
		{D6364B2E-0C76-4622-9019-4D50CC1CEE8D}.Release|Any CPU.Build.0 = Release|Any CPU
	EndGlobalSection
	GlobalSection(SolutionProperties) = preSolution
		HideSolutionNode = FALSE
	EndGlobalSection
	GlobalSection(ExtensibilityGlobals) = postSolution
		SolutionGuid = {1E588331-338C-4E21-8D13-42FB5489BD86}
	EndGlobalSection
EndGlobal
